
Microsoft Visual Studio Solution File, Format Version 12.00
# Visual Studio Version 16
VisualStudioVersion = 16.0.29905.134
MinimumVisualStudioVersion = 10.0.40219.1
Project("{9A19103F-16F7-4668-BE54-9A1E7A4F7556}") = "TicTacToe.UserInterface", "TicTacToe\TicTacToe.UserInterface.csproj", "{FE8C419F-CBB8-43D4-93C2-3230AB3A8196}"
EndProject
Project("{FAE04EC0-301F-11D3-BF4B-00C04F79EFBC}") = "TicTacToe.UnitTest", "TicTacToe.UnitTest\TicTacToe.UnitTest.csproj", "{8F0CD4C0-5C35-4C72-BE6B-CA66BB049559}"
EndProject
Project("{2150E333-8FDC-42A3-9474-1A3956D46DE8}") = "10 UserInterface", "10 UserInterface", "{899BB75E-FD26-4B31-A828-232B1ACE7257}"
EndProject
Project("{2150E333-8FDC-42A3-9474-1A3956D46DE8}") = "90 Test", "90 Test", "{90C49A98-3D29-419A-95F4-29CBAEB581C9}"
EndProject
Global
	GlobalSection(SolutionConfigurationPlatforms) = preSolution
		Debug|Any CPU = Debug|Any CPU
		Release|Any CPU = Release|Any CPU
	EndGlobalSection
	GlobalSection(ProjectConfigurationPlatforms) = postSolution
		{FE8C419F-CBB8-43D4-93C2-3230AB3A8196}.Debug|Any CPU.ActiveCfg = Debug|Any CPU
		{FE8C419F-CBB8-43D4-93C2-3230AB3A8196}.Debug|Any CPU.Build.0 = Debug|Any CPU
		{FE8C419F-CBB8-43D4-93C2-3230AB3A8196}.Release|Any CPU.ActiveCfg = Release|Any CPU
		{FE8C419F-CBB8-43D4-93C2-3230AB3A8196}.Release|Any CPU.Build.0 = Release|Any CPU
		{8F0CD4C0-5C35-4C72-BE6B-CA66BB049559}.Debug|Any CPU.ActiveCfg = Debug|Any CPU
		{8F0CD4C0-5C35-4C72-BE6B-CA66BB049559}.Debug|Any CPU.Build.0 = Debug|Any CPU
		{8F0CD4C0-5C35-4C72-BE6B-CA66BB049559}.Release|Any CPU.ActiveCfg = Release|Any CPU
		{8F0CD4C0-5C35-4C72-BE6B-CA66BB049559}.Release|Any CPU.Build.0 = Release|Any CPU
	EndGlobalSection
	GlobalSection(SolutionProperties) = preSolution
		HideSolutionNode = FALSE
	EndGlobalSection
	GlobalSection(NestedProjects) = preSolution
		{FE8C419F-CBB8-43D4-93C2-3230AB3A8196} = {899BB75E-FD26-4B31-A828-232B1ACE7257}
		{8F0CD4C0-5C35-4C72-BE6B-CA66BB049559} = {90C49A98-3D29-419A-95F4-29CBAEB581C9}
	EndGlobalSection
	GlobalSection(ExtensibilityGlobals) = postSolution
		SolutionGuid = {41714913-1FB5-4253-9E50-C3D5DDB2BAA5}
	EndGlobalSection
EndGlobal
